
Microsoft Visual Studio Solution File, Format Version 12.00
# Visual Studio Version 16
VisualStudioVersion = 16.0.30907.101
MinimumVisualStudioVersion = 10.0.40219.1
Project("{FAE04EC0-301F-11D3-BF4B-00C04F79EFBC}") = "UnitTestProjectP312", "UnitTestProjectP312.csproj", "{1E9F7BB3-43A6-4321-A426-972A02117810}"
EndProject
Global
	GlobalSection(SolutionConfigurationPlatforms) = preSolution
		Debug|Any CPU = Debug|Any CPU
		Release|Any CPU = Release|Any CPU
	EndGlobalSection
	GlobalSection(ProjectConfigurationPlatforms) = postSolution
		{1E9F7BB3-43A6-4321-A426-972A02117810}.Debug|Any CPU.ActiveCfg = Debug|Any CPU
		{1E9F7BB3-43A6-4321-A426-972A02117810}.Debug|Any CPU.Build.0 = Debug|Any CPU
		{1E9F7BB3-43A6-4321-A426-972A02117810}.Release|Any CPU.ActiveCfg = Release|Any CPU
		{1E9F7BB3-43A6-4321-A426-972A02117810}.Release|Any CPU.Build.0 = Release|Any CPU
	EndGlobalSection
	GlobalSection(SolutionProperties) = preSolution
		HideSolutionNode = FALSE
	EndGlobalSection
	GlobalSection(ExtensibilityGlobals) = postSolution
		SolutionGuid = {DA82D902-4B78-4BB7-88D6-5DEBF58C33B3}
	EndGlobalSection
EndGlobal
